// !$*UTF8*$!
{
	archiveVersion = 1;
	classes = {
	};
	objectVersion = 51;
	objects = {

/* Begin PBXBuildFile section */
		181E7665236B1C8F00E0373B /* AppDelegate.swift in Sources */ = {isa = PBXBuildFile; fileRef = 181E7664236B1C8F00E0373B /* AppDelegate.swift */; };
		181E7667236B1C8F00E0373B /* SceneDelegate.swift in Sources */ = {isa = PBXBuildFile; fileRef = 181E7666236B1C8F00E0373B /* SceneDelegate.swift */; };
		181E7669236B1C8F00E0373B /* SignInVC.swift in Sources */ = {isa = PBXBuildFile; fileRef = 181E7668236B1C8F00E0373B /* SignInVC.swift */; };
		181E766C236B1C8F00E0373B /* Welcome.storyboard in Resources */ = {isa = PBXBuildFile; fileRef = 181E766A236B1C8F00E0373B /* Welcome.storyboard */; };
		181E766F236B1C8F00E0373B /* C0773774_MidTerm_MAD3115F2019.xcdatamodeld in Sources */ = {isa = PBXBuildFile; fileRef = 181E766D236B1C8F00E0373B /* C0773774_MidTerm_MAD3115F2019.xcdatamodeld */; };
		181E7671236B1C9400E0373B /* Assets.xcassets in Resources */ = {isa = PBXBuildFile; fileRef = 181E7670236B1C9400E0373B /* Assets.xcassets */; };
		181E7674236B1C9400E0373B /* LaunchScreen.storyboard in Resources */ = {isa = PBXBuildFile; fileRef = 181E7672236B1C9400E0373B /* LaunchScreen.storyboard */; };
		181E767F236B1C9400E0373B /* C0773774_MidTerm_MAD3115F2019Tests.swift in Sources */ = {isa = PBXBuildFile; fileRef = 181E767E236B1C9400E0373B /* C0773774_MidTerm_MAD3115F2019Tests.swift */; };
		181E768A236B1C9400E0373B /* C0773774_MidTerm_MAD3115F2019UITests.swift in Sources */ = {isa = PBXBuildFile; fileRef = 181E7689236B1C9400E0373B /* C0773774_MidTerm_MAD3115F2019UITests.swift */; };
		181E769D236B277800E0373B /* UIViewExtension.swift in Sources */ = {isa = PBXBuildFile; fileRef = 181E769C236B277800E0373B /* UIViewExtension.swift */; };
		181E769F236B27A700E0373B /* UIColorExtension.swift in Sources */ = {isa = PBXBuildFile; fileRef = 181E769E236B27A700E0373B /* UIColorExtension.swift */; };
		181E76A3236B52E400E0373B /* Helper.swift in Sources */ = {isa = PBXBuildFile; fileRef = 181E76A2236B52E400E0373B /* Helper.swift */; };
		181E76A5236B586300E0373B /* Home.storyboard in Resources */ = {isa = PBXBuildFile; fileRef = 181E76A4236B586300E0373B /* Home.storyboard */; };
		181E76AA236B5BA500E0373B /* CustomerListVC.swift in Sources */ = {isa = PBXBuildFile; fileRef = 181E76A9236B5BA500E0373B /* CustomerListVC.swift */; };
		181E76AC236B5E7E00E0373B /* AddCustomerVC.swift in Sources */ = {isa = PBXBuildFile; fileRef = 181E76AB236B5E7E00E0373B /* AddCustomerVC.swift */; };
		183192F9236C887B00C1BD62 /* DataInfo.plist in Resources */ = {isa = PBXBuildFile; fileRef = 183192F8236C887B00C1BD62 /* DataInfo.plist */; };
		183192FC236C9CF000C1BD62 /* CustomerListTVC.swift in Sources */ = {isa = PBXBuildFile; fileRef = 183192FB236C9CF000C1BD62 /* CustomerListTVC.swift */; };
		183192FE236C9FA300C1BD62 /* Customers.json in Resources */ = {isa = PBXBuildFile; fileRef = 183192FD236C9FA300C1BD62 /* Customers.json */; };
		18319300236CA03800C1BD62 /* Customer in Resources */ = {isa = PBXBuildFile; fileRef = 183192FF236CA03800C1BD62 /* Customer */; };
		18319302236CA05100C1BD62 /* Bill in Resources */ = {isa = PBXBuildFile; fileRef = 18319301236CA05100C1BD62 /* Bill */; };
		18319304236CA08900C1BD62 /* UIFloatExtension.swift in Sources */ = {isa = PBXBuildFile; fileRef = 18319303236CA08900C1BD62 /* UIFloatExtension.swift */; };
		18319306236CA0DE00C1BD62 /* Protocol.swift in Sources */ = {isa = PBXBuildFile; fileRef = 18319305236CA0DE00C1BD62 /* Protocol.swift */; };
		18319308236CA34100C1BD62 /* Singelton.swift in Sources */ = {isa = PBXBuildFile; fileRef = 18319307236CA34100C1BD62 /* Singelton.swift */; };
		1831930A236CA44800C1BD62 /* DataSource.swift in Sources */ = {isa = PBXBuildFile; fileRef = 18319309236CA44800C1BD62 /* DataSource.swift */; };
		1831930C236CA52000C1BD62 /* CustomersM.swift in Sources */ = {isa = PBXBuildFile; fileRef = 1831930B236CA52000C1BD62 /* CustomersM.swift */; };
		18319310236CA79C00C1BD62 /* BaseCustomers.swift in Sources */ = {isa = PBXBuildFile; fileRef = 1831930F236CA79C00C1BD62 /* BaseCustomers.swift */; };
		1848A37B236F8CD4000CEEC3 /* Detail.storyboard in Resources */ = {isa = PBXBuildFile; fileRef = 1848A37A236F8CD4000CEEC3 /* Detail.storyboard */; };
		1848A37D236FB440000CEEC3 /* CustomerDetailVC.swift in Sources */ = {isa = PBXBuildFile; fileRef = 1848A37C236FB440000CEEC3 /* CustomerDetailVC.swift */; };
		5E5191FDE32AA9EF9F990D79 /* Pods_C0773774_MidTerm_MAD3115F2019.framework in Frameworks */ = {isa = PBXBuildFile; fileRef = 6402F679B7986F4DF08AC378 /* Pods_C0773774_MidTerm_MAD3115F2019.framework */; };
		6E581D832939562D7E44C897 /* Pods_C0773774_MidTerm_MAD3115F2019_C0773774_MidTerm_MAD3115F2019UITests.framework in Frameworks */ = {isa = PBXBuildFile; fileRef = C99417BA3134CB8667E5999C /* Pods_C0773774_MidTerm_MAD3115F2019_C0773774_MidTerm_MAD3115F2019UITests.framework */; };
		F8F5B1EE3303396A8A57CC5A /* Pods_C0773774_MidTerm_MAD3115F2019Tests.framework in Frameworks */ = {isa = PBXBuildFile; fileRef = F63B7A843C65ECA1E8773113 /* Pods_C0773774_MidTerm_MAD3115F2019Tests.framework */; };
/* End PBXBuildFile section */

/* Begin PBXContainerItemProxy section */
		181E767B236B1C9400E0373B /* PBXContainerItemProxy */ = {
			isa = PBXContainerItemProxy;
			containerPortal = 181E7659236B1C8F00E0373B /* Project object */;
			proxyType = 1;
			remoteGlobalIDString = 181E7660236B1C8F00E0373B;
			remoteInfo = C0773774_MidTerm_MAD3115F2019;
		};
		181E7686236B1C9400E0373B /* PBXContainerItemProxy */ = {
			isa = PBXContainerItemProxy;
			containerPortal = 181E7659236B1C8F00E0373B /* Project object */;
			proxyType = 1;
			remoteGlobalIDString = 181E7660236B1C8F00E0373B;
			remoteInfo = C0773774_MidTerm_MAD3115F2019;
		};
/* End PBXContainerItemProxy section */

/* Begin PBXFileReference section */
		114D9E4B1A8657B30E30BF14 /* Pods-C0773774_MidTerm_MAD3115F2019.debug.xcconfig */ = {isa = PBXFileReference; includeInIndex = 1; lastKnownFileType = text.xcconfig; name = "Pods-C0773774_MidTerm_MAD3115F2019.debug.xcconfig"; path = "Target Support Files/Pods-C0773774_MidTerm_MAD3115F2019/Pods-C0773774_MidTerm_MAD3115F2019.debug.xcconfig"; sourceTree = "<group>"; };
		181E7661236B1C8F00E0373B /* C0773774_MidTerm_MAD3115F2019.app */ = {isa = PBXFileReference; explicitFileType = wrapper.application; includeInIndex = 0; path = C0773774_MidTerm_MAD3115F2019.app; sourceTree = BUILT_PRODUCTS_DIR; };
		181E7664236B1C8F00E0373B /* AppDelegate.swift */ = {isa = PBXFileReference; lastKnownFileType = sourcecode.swift; path = AppDelegate.swift; sourceTree = "<group>"; };
		181E7666236B1C8F00E0373B /* SceneDelegate.swift */ = {isa = PBXFileReference; lastKnownFileType = sourcecode.swift; path = SceneDelegate.swift; sourceTree = "<group>"; };
		181E7668236B1C8F00E0373B /* SignInVC.swift */ = {isa = PBXFileReference; lastKnownFileType = sourcecode.swift; path = SignInVC.swift; sourceTree = "<group>"; };
		181E766B236B1C8F00E0373B /* Base */ = {isa = PBXFileReference; lastKnownFileType = file.storyboard; name = Base; path = Base.lproj/Welcome.storyboard; sourceTree = "<group>"; };
		181E766E236B1C8F00E0373B /* C0773774_MidTerm_MAD3115F2019.xcdatamodel */ = {isa = PBXFileReference; lastKnownFileType = wrapper.xcdatamodel; path = C0773774_MidTerm_MAD3115F2019.xcdatamodel; sourceTree = "<group>"; };
		181E7670236B1C9400E0373B /* Assets.xcassets */ = {isa = PBXFileReference; lastKnownFileType = folder.assetcatalog; path = Assets.xcassets; sourceTree = "<group>"; };
		181E7673236B1C9400E0373B /* Base */ = {isa = PBXFileReference; lastKnownFileType = file.storyboard; name = Base; path = Base.lproj/LaunchScreen.storyboard; sourceTree = "<group>"; };
		181E7675236B1C9400E0373B /* Info.plist */ = {isa = PBXFileReference; lastKnownFileType = text.plist.xml; path = Info.plist; sourceTree = "<group>"; };
		181E767A236B1C9400E0373B /* C0773774_MidTerm_MAD3115F2019Tests.xctest */ = {isa = PBXFileReference; explicitFileType = wrapper.cfbundle; includeInIndex = 0; path = C0773774_MidTerm_MAD3115F2019Tests.xctest; sourceTree = BUILT_PRODUCTS_DIR; };
		181E767E236B1C9400E0373B /* C0773774_MidTerm_MAD3115F2019Tests.swift */ = {isa = PBXFileReference; lastKnownFileType = sourcecode.swift; path = C0773774_MidTerm_MAD3115F2019Tests.swift; sourceTree = "<group>"; };
		181E7680236B1C9400E0373B /* Info.plist */ = {isa = PBXFileReference; lastKnownFileType = text.plist.xml; path = Info.plist; sourceTree = "<group>"; };
		181E7685236B1C9400E0373B /* C0773774_MidTerm_MAD3115F2019UITests.xctest */ = {isa = PBXFileReference; explicitFileType = wrapper.cfbundle; includeInIndex = 0; path = C0773774_MidTerm_MAD3115F2019UITests.xctest; sourceTree = BUILT_PRODUCTS_DIR; };
		181E7689236B1C9400E0373B /* C0773774_MidTerm_MAD3115F2019UITests.swift */ = {isa = PBXFileReference; lastKnownFileType = sourcecode.swift; path = C0773774_MidTerm_MAD3115F2019UITests.swift; sourceTree = "<group>"; };
		181E768B236B1C9400E0373B /* Info.plist */ = {isa = PBXFileReference; lastKnownFileType = text.plist.xml; path = Info.plist; sourceTree = "<group>"; };
		181E769C236B277800E0373B /* UIViewExtension.swift */ = {isa = PBXFileReference; fileEncoding = 4; lastKnownFileType = sourcecode.swift; path = UIViewExtension.swift; sourceTree = "<group>"; };
		181E769E236B27A700E0373B /* UIColorExtension.swift */ = {isa = PBXFileReference; fileEncoding = 4; lastKnownFileType = sourcecode.swift; path = UIColorExtension.swift; sourceTree = "<group>"; };
		181E76A2236B52E400E0373B /* Helper.swift */ = {isa = PBXFileReference; lastKnownFileType = sourcecode.swift; path = Helper.swift; sourceTree = "<group>"; };
		181E76A4236B586300E0373B /* Home.storyboard */ = {isa = PBXFileReference; lastKnownFileType = file.storyboard; path = Home.storyboard; sourceTree = "<group>"; };
		181E76A9236B5BA500E0373B /* CustomerListVC.swift */ = {isa = PBXFileReference; lastKnownFileType = sourcecode.swift; path = CustomerListVC.swift; sourceTree = "<group>"; };
		181E76AB236B5E7E00E0373B /* AddCustomerVC.swift */ = {isa = PBXFileReference; lastKnownFileType = sourcecode.swift; path = AddCustomerVC.swift; sourceTree = "<group>"; };
		183192F8236C887B00C1BD62 /* DataInfo.plist */ = {isa = PBXFileReference; lastKnownFileType = text.plist.xml; path = DataInfo.plist; sourceTree = "<group>"; };
		183192FB236C9CF000C1BD62 /* CustomerListTVC.swift */ = {isa = PBXFileReference; lastKnownFileType = sourcecode.swift; path = CustomerListTVC.swift; sourceTree = "<group>"; };
		183192FD236C9FA300C1BD62 /* Customers.json */ = {isa = PBXFileReference; fileEncoding = 4; lastKnownFileType = text.json; path = Customers.json; sourceTree = "<group>"; };
		183192FF236CA03800C1BD62 /* Customer */ = {isa = PBXFileReference; lastKnownFileType = folder; path = Customer; sourceTree = "<group>"; };
		18319301236CA05100C1BD62 /* Bill */ = {isa = PBXFileReference; lastKnownFileType = folder; path = Bill; sourceTree = "<group>"; };
		18319303236CA08900C1BD62 /* UIFloatExtension.swift */ = {isa = PBXFileReference; lastKnownFileType = sourcecode.swift; path = UIFloatExtension.swift; sourceTree = "<group>"; };
		18319305236CA0DE00C1BD62 /* Protocol.swift */ = {isa = PBXFileReference; fileEncoding = 4; lastKnownFileType = sourcecode.swift; path = Protocol.swift; sourceTree = "<group>"; };
		18319307236CA34100C1BD62 /* Singelton.swift */ = {isa = PBXFileReference; lastKnownFileType = sourcecode.swift; path = Singelton.swift; sourceTree = "<group>"; };
		18319309236CA44800C1BD62 /* DataSource.swift */ = {isa = PBXFileReference; fileEncoding = 4; lastKnownFileType = sourcecode.swift; path = DataSource.swift; sourceTree = "<group>"; };
		1831930B236CA52000C1BD62 /* CustomersM.swift */ = {isa = PBXFileReference; lastKnownFileType = sourcecode.swift; path = CustomersM.swift; sourceTree = "<group>"; };
		1831930F236CA79C00C1BD62 /* BaseCustomers.swift */ = {isa = PBXFileReference; lastKnownFileType = sourcecode.swift; path = BaseCustomers.swift; sourceTree = "<group>"; };
		1848A37A236F8CD4000CEEC3 /* Detail.storyboard */ = {isa = PBXFileReference; lastKnownFileType = file.storyboard; path = Detail.storyboard; sourceTree = "<group>"; };
		1848A37C236FB440000CEEC3 /* CustomerDetailVC.swift */ = {isa = PBXFileReference; lastKnownFileType = sourcecode.swift; path = CustomerDetailVC.swift; sourceTree = "<group>"; };
		3A0C532BECE99D3B68DED1C0 /* Pods-C0773774_MidTerm_MAD3115F2019Tests.release.xcconfig */ = {isa = PBXFileReference; includeInIndex = 1; lastKnownFileType = text.xcconfig; name = "Pods-C0773774_MidTerm_MAD3115F2019Tests.release.xcconfig"; path = "Target Support Files/Pods-C0773774_MidTerm_MAD3115F2019Tests/Pods-C0773774_MidTerm_MAD3115F2019Tests.release.xcconfig"; sourceTree = "<group>"; };
		4E3B377BDD417DE31FA3698C /* Pods-C0773774_MidTerm_MAD3115F2019Tests.debug.xcconfig */ = {isa = PBXFileReference; includeInIndex = 1; lastKnownFileType = text.xcconfig; name = "Pods-C0773774_MidTerm_MAD3115F2019Tests.debug.xcconfig"; path = "Target Support Files/Pods-C0773774_MidTerm_MAD3115F2019Tests/Pods-C0773774_MidTerm_MAD3115F2019Tests.debug.xcconfig"; sourceTree = "<group>"; };
		6402F679B7986F4DF08AC378 /* Pods_C0773774_MidTerm_MAD3115F2019.framework */ = {isa = PBXFileReference; explicitFileType = wrapper.framework; includeInIndex = 0; path = Pods_C0773774_MidTerm_MAD3115F2019.framework; sourceTree = BUILT_PRODUCTS_DIR; };
		70EB9BF712459853920E4318 /* Pods-C0773774_MidTerm_MAD3115F2019.release.xcconfig */ = {isa = PBXFileReference; includeInIndex = 1; lastKnownFileType = text.xcconfig; name = "Pods-C0773774_MidTerm_MAD3115F2019.release.xcconfig"; path = "Target Support Files/Pods-C0773774_MidTerm_MAD3115F2019/Pods-C0773774_MidTerm_MAD3115F2019.release.xcconfig"; sourceTree = "<group>"; };
		A5DB295399BECBFB9301FDD8 /* Pods-C0773774_MidTerm_MAD3115F2019-C0773774_MidTerm_MAD3115F2019UITests.release.xcconfig */ = {isa = PBXFileReference; includeInIndex = 1; lastKnownFileType = text.xcconfig; name = "Pods-C0773774_MidTerm_MAD3115F2019-C0773774_MidTerm_MAD3115F2019UITests.release.xcconfig"; path = "Target Support Files/Pods-C0773774_MidTerm_MAD3115F2019-C0773774_MidTerm_MAD3115F2019UITests/Pods-C0773774_MidTerm_MAD3115F2019-C0773774_MidTerm_MAD3115F2019UITests.release.xcconfig"; sourceTree = "<group>"; };
		C99417BA3134CB8667E5999C /* Pods_C0773774_MidTerm_MAD3115F2019_C0773774_MidTerm_MAD3115F2019UITests.framework */ = {isa = PBXFileReference; explicitFileType = wrapper.framework; includeInIndex = 0; path = Pods_C0773774_MidTerm_MAD3115F2019_C0773774_MidTerm_MAD3115F2019UITests.framework; sourceTree = BUILT_PRODUCTS_DIR; };
		F63B7A843C65ECA1E8773113 /* Pods_C0773774_MidTerm_MAD3115F2019Tests.framework */ = {isa = PBXFileReference; explicitFileType = wrapper.framework; includeInIndex = 0; path = Pods_C0773774_MidTerm_MAD3115F2019Tests.framework; sourceTree = BUILT_PRODUCTS_DIR; };
		F8EF97E54B94158E3BAF2C42 /* Pods-C0773774_MidTerm_MAD3115F2019-C0773774_MidTerm_MAD3115F2019UITests.debug.xcconfig */ = {isa = PBXFileReference; includeInIndex = 1; lastKnownFileType = text.xcconfig; name = "Pods-C0773774_MidTerm_MAD3115F2019-C0773774_MidTerm_MAD3115F2019UITests.debug.xcconfig"; path = "Target Support Files/Pods-C0773774_MidTerm_MAD3115F2019-C0773774_MidTerm_MAD3115F2019UITests/Pods-C0773774_MidTerm_MAD3115F2019-C0773774_MidTerm_MAD3115F2019UITests.debug.xcconfig"; sourceTree = "<group>"; };
/* End PBXFileReference section */

/* Begin PBXFrameworksBuildPhase section */
		181E765E236B1C8F00E0373B /* Frameworks */ = {
			isa = PBXFrameworksBuildPhase;
			buildActionMask = 2147483647;
			files = (
				5E5191FDE32AA9EF9F990D79 /* Pods_C0773774_MidTerm_MAD3115F2019.framework in Frameworks */,
			);
			runOnlyForDeploymentPostprocessing = 0;
		};
		181E7677236B1C9400E0373B /* Frameworks */ = {
			isa = PBXFrameworksBuildPhase;
			buildActionMask = 2147483647;
			files = (
				F8F5B1EE3303396A8A57CC5A /* Pods_C0773774_MidTerm_MAD3115F2019Tests.framework in Frameworks */,
			);
			runOnlyForDeploymentPostprocessing = 0;
		};
		181E7682236B1C9400E0373B /* Frameworks */ = {
			isa = PBXFrameworksBuildPhase;
			buildActionMask = 2147483647;
			files = (
				6E581D832939562D7E44C897 /* Pods_C0773774_MidTerm_MAD3115F2019_C0773774_MidTerm_MAD3115F2019UITests.framework in Frameworks */,
			);
			runOnlyForDeploymentPostprocessing = 0;
		};
/* End PBXFrameworksBuildPhase section */

/* Begin PBXGroup section */
		10B0BCA5FBDD591C03F00CD9 /* Pods */ = {
			isa = PBXGroup;
			children = (
				114D9E4B1A8657B30E30BF14 /* Pods-C0773774_MidTerm_MAD3115F2019.debug.xcconfig */,
				70EB9BF712459853920E4318 /* Pods-C0773774_MidTerm_MAD3115F2019.release.xcconfig */,
				F8EF97E54B94158E3BAF2C42 /* Pods-C0773774_MidTerm_MAD3115F2019-C0773774_MidTerm_MAD3115F2019UITests.debug.xcconfig */,
				A5DB295399BECBFB9301FDD8 /* Pods-C0773774_MidTerm_MAD3115F2019-C0773774_MidTerm_MAD3115F2019UITests.release.xcconfig */,
				4E3B377BDD417DE31FA3698C /* Pods-C0773774_MidTerm_MAD3115F2019Tests.debug.xcconfig */,
				3A0C532BECE99D3B68DED1C0 /* Pods-C0773774_MidTerm_MAD3115F2019Tests.release.xcconfig */,
			);
			path = Pods;
			sourceTree = "<group>";
		};
		181E7658236B1C8F00E0373B = {
			isa = PBXGroup;
			children = (
				181E7663236B1C8F00E0373B /* C0773774_MidTerm_MAD3115F2019 */,
				181E767D236B1C9400E0373B /* C0773774_MidTerm_MAD3115F2019Tests */,
				181E7688236B1C9400E0373B /* C0773774_MidTerm_MAD3115F2019UITests */,
				181E7662236B1C8F00E0373B /* Products */,
				10B0BCA5FBDD591C03F00CD9 /* Pods */,
				4FF99D702ECD444EB0806736 /* Frameworks */,
			);
			sourceTree = "<group>";
		};
		181E7662236B1C8F00E0373B /* Products */ = {
			isa = PBXGroup;
			children = (
				181E7661236B1C8F00E0373B /* C0773774_MidTerm_MAD3115F2019.app */,
				181E767A236B1C9400E0373B /* C0773774_MidTerm_MAD3115F2019Tests.xctest */,
				181E7685236B1C9400E0373B /* C0773774_MidTerm_MAD3115F2019UITests.xctest */,
			);
			name = Products;
			sourceTree = "<group>";
		};
		181E7663236B1C8F00E0373B /* C0773774_MidTerm_MAD3115F2019 */ = {
			isa = PBXGroup;
			children = (
				181E7697236B255500E0373B /* Model */,
				181E7698236B256100E0373B /* View */,
				181E7699236B257500E0373B /* Controller */,
				181E769A236B258F00E0373B /* Database */,
				181E769B236B25A900E0373B /* Other */,
			);
			path = C0773774_MidTerm_MAD3115F2019;
			sourceTree = "<group>";
		};
		181E767D236B1C9400E0373B /* C0773774_MidTerm_MAD3115F2019Tests */ = {
			isa = PBXGroup;
			children = (
				181E767E236B1C9400E0373B /* C0773774_MidTerm_MAD3115F2019Tests.swift */,
				181E7680236B1C9400E0373B /* Info.plist */,
			);
			path = C0773774_MidTerm_MAD3115F2019Tests;
			sourceTree = "<group>";
		};
		181E7688236B1C9400E0373B /* C0773774_MidTerm_MAD3115F2019UITests */ = {
			isa = PBXGroup;
			children = (
				181E7689236B1C9400E0373B /* C0773774_MidTerm_MAD3115F2019UITests.swift */,
				181E768B236B1C9400E0373B /* Info.plist */,
			);
			path = C0773774_MidTerm_MAD3115F2019UITests;
			sourceTree = "<group>";
		};
		181E7697236B255500E0373B /* Model */ = {
			isa = PBXGroup;
			children = (
				18319307236CA34100C1BD62 /* Singelton.swift */,
				1831930B236CA52000C1BD62 /* CustomersM.swift */,
				1831930F236CA79C00C1BD62 /* BaseCustomers.swift */,
			);
			path = Model;
			sourceTree = "<group>";
		};
		181E7698236B256100E0373B /* View */ = {
			isa = PBXGroup;
			children = (
				181E766A236B1C8F00E0373B /* Welcome.storyboard */,
				181E76A4236B586300E0373B /* Home.storyboard */,
				1848A37A236F8CD4000CEEC3 /* Detail.storyboard */,
				181E7670236B1C9400E0373B /* Assets.xcassets */,
				181E7672236B1C9400E0373B /* LaunchScreen.storyboard */,
			);
			path = View;
			sourceTree = "<group>";
		};
		181E7699236B257500E0373B /* Controller */ = {
			isa = PBXGroup;
			children = (
				181E7664236B1C8F00E0373B /* AppDelegate.swift */,
				181E7666236B1C8F00E0373B /* SceneDelegate.swift */,
				181E76A7236B5B7800E0373B /* Welcome */,
				181E76A8236B5B8400E0373B /* Home */,
				1848A37E236FB445000CEEC3 /* Detail */,
			);
			path = Controller;
			sourceTree = "<group>";
		};
		181E769A236B258F00E0373B /* Database */ = {
			isa = PBXGroup;
			children = (
				181E766D236B1C8F00E0373B /* C0773774_MidTerm_MAD3115F2019.xcdatamodeld */,
			);
			path = Database;
			sourceTree = "<group>";
		};
		181E769B236B25A900E0373B /* Other */ = {
			isa = PBXGroup;
			children = (
				181E76A1236B52D100E0373B /* Sources */,
				181E76A0236B52C700E0373B /* Extensions */,
				181E7675236B1C9400E0373B /* Info.plist */,
				183192F8236C887B00C1BD62 /* DataInfo.plist */,
			);
			path = Other;
			sourceTree = "<group>";
		};
		181E76A0236B52C700E0373B /* Extensions */ = {
			isa = PBXGroup;
			children = (
				181E769C236B277800E0373B /* UIViewExtension.swift */,
				181E769E236B27A700E0373B /* UIColorExtension.swift */,
				18319303236CA08900C1BD62 /* UIFloatExtension.swift */,
			);
			path = Extensions;
			sourceTree = "<group>";
		};
		181E76A1236B52D100E0373B /* Sources */ = {
			isa = PBXGroup;
			children = (
				181E76A2236B52E400E0373B /* Helper.swift */,
				18319305236CA0DE00C1BD62 /* Protocol.swift */,
				18319309236CA44800C1BD62 /* DataSource.swift */,
				183192FD236C9FA300C1BD62 /* Customers.json */,
			);
			path = Sources;
			sourceTree = "<group>";
		};
		181E76A7236B5B7800E0373B /* Welcome */ = {
			isa = PBXGroup;
			children = (
				181E7668236B1C8F00E0373B /* SignInVC.swift */,
			);
			path = Welcome;
			sourceTree = "<group>";
		};
		181E76A8236B5B8400E0373B /* Home */ = {
			isa = PBXGroup;
			children = (
				183192FF236CA03800C1BD62 /* Customer */,
				18319301236CA05100C1BD62 /* Bill */,
				183192FA236C9CCF00C1BD62 /* CustomerList */,
				181E76AB236B5E7E00E0373B /* AddCustomerVC.swift */,
			);
			path = Home;
			sourceTree = "<group>";
		};
		183192FA236C9CCF00C1BD62 /* CustomerList */ = {
			isa = PBXGroup;
			children = (
				181E76A9236B5BA500E0373B /* CustomerListVC.swift */,
				183192FB236C9CF000C1BD62 /* CustomerListTVC.swift */,
			);
			path = CustomerList;
			sourceTree = "<group>";
		};
		1848A37E236FB445000CEEC3 /* Detail */ = {
			isa = PBXGroup;
			children = (
				1848A37C236FB440000CEEC3 /* CustomerDetailVC.swift */,
			);
			path = Detail;
			sourceTree = "<group>";
		};
		4FF99D702ECD444EB0806736 /* Frameworks */ = {
			isa = PBXGroup;
			children = (
				6402F679B7986F4DF08AC378 /* Pods_C0773774_MidTerm_MAD3115F2019.framework */,
				C99417BA3134CB8667E5999C /* Pods_C0773774_MidTerm_MAD3115F2019_C0773774_MidTerm_MAD3115F2019UITests.framework */,
				F63B7A843C65ECA1E8773113 /* Pods_C0773774_MidTerm_MAD3115F2019Tests.framework */,
			);
			name = Frameworks;
			sourceTree = "<group>";
		};
/* End PBXGroup section */

/* Begin PBXNativeTarget section */
		181E7660236B1C8F00E0373B /* C0773774_MidTerm_MAD3115F2019 */ = {
			isa = PBXNativeTarget;
			buildConfigurationList = 181E768E236B1C9400E0373B /* Build configuration list for PBXNativeTarget "C0773774_MidTerm_MAD3115F2019" */;
			buildPhases = (
				EC28762472ACFD7CAD5E9D9E /* [CP] Check Pods Manifest.lock */,
				181E765D236B1C8F00E0373B /* Sources */,
				181E765E236B1C8F00E0373B /* Frameworks */,
				181E765F236B1C8F00E0373B /* Resources */,
				389EEFCD4554AB40920B916F /* [CP] Embed Pods Frameworks */,
			);
			buildRules = (
			);
			dependencies = (
			);
			name = C0773774_MidTerm_MAD3115F2019;
			productName = C0773774_MidTerm_MAD3115F2019;
			productReference = 181E7661236B1C8F00E0373B /* C0773774_MidTerm_MAD3115F2019.app */;
			productType = "com.apple.product-type.application";
		};
		181E7679236B1C9400E0373B /* C0773774_MidTerm_MAD3115F2019Tests */ = {
			isa = PBXNativeTarget;
			buildConfigurationList = 181E7691236B1C9400E0373B /* Build configuration list for PBXNativeTarget "C0773774_MidTerm_MAD3115F2019Tests" */;
			buildPhases = (
				9BD9E1FE54C1BD693C5D4194 /* [CP] Check Pods Manifest.lock */,
				181E7676236B1C9400E0373B /* Sources */,
				181E7677236B1C9400E0373B /* Frameworks */,
				181E7678236B1C9400E0373B /* Resources */,
			);
			buildRules = (
			);
			dependencies = (
				181E767C236B1C9400E0373B /* PBXTargetDependency */,
			);
			name = C0773774_MidTerm_MAD3115F2019Tests;
			productName = C0773774_MidTerm_MAD3115F2019Tests;
			productReference = 181E767A236B1C9400E0373B /* C0773774_MidTerm_MAD3115F2019Tests.xctest */;
			productType = "com.apple.product-type.bundle.unit-test";
		};
		181E7684236B1C9400E0373B /* C0773774_MidTerm_MAD3115F2019UITests */ = {
			isa = PBXNativeTarget;
			buildConfigurationList = 181E7694236B1C9400E0373B /* Build configuration list for PBXNativeTarget "C0773774_MidTerm_MAD3115F2019UITests" */;
			buildPhases = (
				746AF84C66FA1102A3887A20 /* [CP] Check Pods Manifest.lock */,
				181E7681236B1C9400E0373B /* Sources */,
				181E7682236B1C9400E0373B /* Frameworks */,
				181E7683236B1C9400E0373B /* Resources */,
				56B60DD601978E37FDA5E4AE /* [CP] Embed Pods Frameworks */,
			);
			buildRules = (
			);
			dependencies = (
				181E7687236B1C9400E0373B /* PBXTargetDependency */,
			);
			name = C0773774_MidTerm_MAD3115F2019UITests;
			productName = C0773774_MidTerm_MAD3115F2019UITests;
			productReference = 181E7685236B1C9400E0373B /* C0773774_MidTerm_MAD3115F2019UITests.xctest */;
			productType = "com.apple.product-type.bundle.ui-testing";
		};
/* End PBXNativeTarget section */

/* Begin PBXProject section */
		181E7659236B1C8F00E0373B /* Project object */ = {
			isa = PBXProject;
			attributes = {
				LastSwiftUpdateCheck = 1110;
				LastUpgradeCheck = 1110;
				ORGANIZATIONNAME = Apple;
				TargetAttributes = {
					181E7660236B1C8F00E0373B = {
						CreatedOnToolsVersion = 11.1;
					};
					181E7679236B1C9400E0373B = {
						CreatedOnToolsVersion = 11.1;
						TestTargetID = 181E7660236B1C8F00E0373B;
					};
					181E7684236B1C9400E0373B = {
						CreatedOnToolsVersion = 11.1;
						TestTargetID = 181E7660236B1C8F00E0373B;
					};
				};
			};
			buildConfigurationList = 181E765C236B1C8F00E0373B /* Build configuration list for PBXProject "C0773774_MidTerm_MAD3115F2019" */;
			compatibilityVersion = "Xcode 9.3";
			developmentRegion = en;
			hasScannedForEncodings = 0;
			knownRegions = (
				en,
				Base,
			);
			mainGroup = 181E7658236B1C8F00E0373B;
			productRefGroup = 181E7662236B1C8F00E0373B /* Products */;
			projectDirPath = "";
			projectRoot = "";
			targets = (
				181E7660236B1C8F00E0373B /* C0773774_MidTerm_MAD3115F2019 */,
				181E7679236B1C9400E0373B /* C0773774_MidTerm_MAD3115F2019Tests */,
				181E7684236B1C9400E0373B /* C0773774_MidTerm_MAD3115F2019UITests */,
			);
		};
/* End PBXProject section */

/* Begin PBXResourcesBuildPhase section */
		181E765F236B1C8F00E0373B /* Resources */ = {
			isa = PBXResourcesBuildPhase;
			buildActionMask = 2147483647;
			files = (
				181E7674236B1C9400E0373B /* LaunchScreen.storyboard in Resources */,
				183192FE236C9FA300C1BD62 /* Customers.json in Resources */,
				1848A37B236F8CD4000CEEC3 /* Detail.storyboard in Resources */,
				181E7671236B1C9400E0373B /* Assets.xcassets in Resources */,
				181E766C236B1C8F00E0373B /* Welcome.storyboard in Resources */,
				181E76A5236B586300E0373B /* Home.storyboard in Resources */,
				183192F9236C887B00C1BD62 /* DataInfo.plist in Resources */,
				18319300236CA03800C1BD62 /* Customer in Resources */,
				18319302236CA05100C1BD62 /* Bill in Resources */,
			);
			runOnlyForDeploymentPostprocessing = 0;
		};
		181E7678236B1C9400E0373B /* Resources */ = {
			isa = PBXResourcesBuildPhase;
			buildActionMask = 2147483647;
			files = (
			);
			runOnlyForDeploymentPostprocessing = 0;
		};
		181E7683236B1C9400E0373B /* Resources */ = {
			isa = PBXResourcesBuildPhase;
			buildActionMask = 2147483647;
			files = (
			);
			runOnlyForDeploymentPostprocessing = 0;
		};
/* End PBXResourcesBuildPhase section */

/* Begin PBXShellScriptBuildPhase section */
		389EEFCD4554AB40920B916F /* [CP] Embed Pods Frameworks */ = {
			isa = PBXShellScriptBuildPhase;
			buildActionMask = 2147483647;
			files = (
			);
			inputFileListPaths = (
				"${PODS_ROOT}/Target Support Files/Pods-C0773774_MidTerm_MAD3115F2019/Pods-C0773774_MidTerm_MAD3115F2019-frameworks-${CONFIGURATION}-input-files.xcfilelist",
			);
			name = "[CP] Embed Pods Frameworks";
			outputFileListPaths = (
				"${PODS_ROOT}/Target Support Files/Pods-C0773774_MidTerm_MAD3115F2019/Pods-C0773774_MidTerm_MAD3115F2019-frameworks-${CONFIGURATION}-output-files.xcfilelist",
			);
			runOnlyForDeploymentPostprocessing = 0;
			shellPath = /bin/sh;
			shellScript = "\"${PODS_ROOT}/Target Support Files/Pods-C0773774_MidTerm_MAD3115F2019/Pods-C0773774_MidTerm_MAD3115F2019-frameworks.sh\"\n";
			showEnvVarsInLog = 0;
		};
		56B60DD601978E37FDA5E4AE /* [CP] Embed Pods Frameworks */ = {
			isa = PBXShellScriptBuildPhase;
			buildActionMask = 2147483647;
			files = (
			);
			inputFileListPaths = (
				"${PODS_ROOT}/Target Support Files/Pods-C0773774_MidTerm_MAD3115F2019-C0773774_MidTerm_MAD3115F2019UITests/Pods-C0773774_MidTerm_MAD3115F2019-C0773774_MidTerm_MAD3115F2019UITests-frameworks-${CONFIGURATION}-input-files.xcfilelist",
			);
			name = "[CP] Embed Pods Frameworks";
			outputFileListPaths = (
				"${PODS_ROOT}/Target Support Files/Pods-C0773774_MidTerm_MAD3115F2019-C0773774_MidTerm_MAD3115F2019UITests/Pods-C0773774_MidTerm_MAD3115F2019-C0773774_MidTerm_MAD3115F2019UITests-frameworks-${CONFIGURATION}-output-files.xcfilelist",
			);
			runOnlyForDeploymentPostprocessing = 0;
			shellPath = /bin/sh;
			shellScript = "\"${PODS_ROOT}/Target Support Files/Pods-C0773774_MidTerm_MAD3115F2019-C0773774_MidTerm_MAD3115F2019UITests/Pods-C0773774_MidTerm_MAD3115F2019-C0773774_MidTerm_MAD3115F2019UITests-frameworks.sh\"\n";
			showEnvVarsInLog = 0;
		};
		746AF84C66FA1102A3887A20 /* [CP] Check Pods Manifest.lock */ = {
			isa = PBXShellScriptBuildPhase;
			buildActionMask = 2147483647;
			files = (
			);
			inputFileListPaths = (
			);
			inputPaths = (
				"${PODS_PODFILE_DIR_PATH}/Podfile.lock",
				"${PODS_ROOT}/Manifest.lock",
			);
			name = "[CP] Check Pods Manifest.lock";
			outputFileListPaths = (
			);
			outputPaths = (
				"$(DERIVED_FILE_DIR)/Pods-C0773774_MidTerm_MAD3115F2019-C0773774_MidTerm_MAD3115F2019UITests-checkManifestLockResult.txt",
			);
			runOnlyForDeploymentPostprocessing = 0;
			shellPath = /bin/sh;
			shellScript = "diff \"${PODS_PODFILE_DIR_PATH}/Podfile.lock\" \"${PODS_ROOT}/Manifest.lock\" > /dev/null\nif [ $? != 0 ] ; then\n    # print error to STDERR\n    echo \"error: The sandbox is not in sync with the Podfile.lock. Run 'pod install' or update your CocoaPods installation.\" >&2\n    exit 1\nfi\n# This output is used by Xcode 'outputs' to avoid re-running this script phase.\necho \"SUCCESS\" > \"${SCRIPT_OUTPUT_FILE_0}\"\n";
			showEnvVarsInLog = 0;
		};
		9BD9E1FE54C1BD693C5D4194 /* [CP] Check Pods Manifest.lock */ = {
			isa = PBXShellScriptBuildPhase;
			buildActionMask = 2147483647;
			files = (
			);
			inputFileListPaths = (
			);
			inputPaths = (
				"${PODS_PODFILE_DIR_PATH}/Podfile.lock",
				"${PODS_ROOT}/Manifest.lock",
			);
			name = "[CP] Check Pods Manifest.lock";
			outputFileListPaths = (
			);
			outputPaths = (
				"$(DERIVED_FILE_DIR)/Pods-C0773774_MidTerm_MAD3115F2019Tests-checkManifestLockResult.txt",
			);
			runOnlyForDeploymentPostprocessing = 0;
			shellPath = /bin/sh;
			shellScript = "diff \"${PODS_PODFILE_DIR_PATH}/Podfile.lock\" \"${PODS_ROOT}/Manifest.lock\" > /dev/null\nif [ $? != 0 ] ; then\n    # print error to STDERR\n    echo \"error: The sandbox is not in sync with the Podfile.lock. Run 'pod install' or update your CocoaPods installation.\" >&2\n    exit 1\nfi\n# This output is used by Xcode 'outputs' to avoid re-running this script phase.\necho \"SUCCESS\" > \"${SCRIPT_OUTPUT_FILE_0}\"\n";
			showEnvVarsInLog = 0;
		};
		EC28762472ACFD7CAD5E9D9E /* [CP] Check Pods Manifest.lock */ = {
			isa = PBXShellScriptBuildPhase;
			buildActionMask = 2147483647;
			files = (
			);
			inputFileListPaths = (
			);
			inputPaths = (
				"${PODS_PODFILE_DIR_PATH}/Podfile.lock",
				"${PODS_ROOT}/Manifest.lock",
			);
			name = "[CP] Check Pods Manifest.lock";
			outputFileListPaths = (
			);
			outputPaths = (
				"$(DERIVED_FILE_DIR)/Pods-C0773774_MidTerm_MAD3115F2019-checkManifestLockResult.txt",
			);
			runOnlyForDeploymentPostprocessing = 0;
			shellPath = /bin/sh;
			shellScript = "diff \"${PODS_PODFILE_DIR_PATH}/Podfile.lock\" \"${PODS_ROOT}/Manifest.lock\" > /dev/null\nif [ $? != 0 ] ; then\n    # print error to STDERR\n    echo \"error: The sandbox is not in sync with the Podfile.lock. Run 'pod install' or update your CocoaPods installation.\" >&2\n    exit 1\nfi\n# This output is used by Xcode 'outputs' to avoid re-running this script phase.\necho \"SUCCESS\" > \"${SCRIPT_OUTPUT_FILE_0}\"\n";
			showEnvVarsInLog = 0;
		};
/* End PBXShellScriptBuildPhase section */

/* Begin PBXSourcesBuildPhase section */
		181E765D236B1C8F00E0373B /* Sources */ = {
			isa = PBXSourcesBuildPhase;
			buildActionMask = 2147483647;
			files = (
				1831930C236CA52000C1BD62 /* CustomersM.swift in Sources */,
				1831930A236CA44800C1BD62 /* DataSource.swift in Sources */,
				181E769D236B277800E0373B /* UIViewExtension.swift in Sources */,
				183192FC236C9CF000C1BD62 /* CustomerListTVC.swift in Sources */,
				18319304236CA08900C1BD62 /* UIFloatExtension.swift in Sources */,
				18319308236CA34100C1BD62 /* Singelton.swift in Sources */,
				181E76A3236B52E400E0373B /* Helper.swift in Sources */,
				181E76AC236B5E7E00E0373B /* AddCustomerVC.swift in Sources */,
				181E7669236B1C8F00E0373B /* SignInVC.swift in Sources */,
				181E7665236B1C8F00E0373B /* AppDelegate.swift in Sources */,
				181E766F236B1C8F00E0373B /* C0773774_MidTerm_MAD3115F2019.xcdatamodeld in Sources */,
				181E7667236B1C8F00E0373B /* SceneDelegate.swift in Sources */,
				181E76AA236B5BA500E0373B /* CustomerListVC.swift in Sources */,
				181E769F236B27A700E0373B /* UIColorExtension.swift in Sources */,
				1848A37D236FB440000CEEC3 /* CustomerDetailVC.swift in Sources */,
				18319310236CA79C00C1BD62 /* BaseCustomers.swift in Sources */,
				18319306236CA0DE00C1BD62 /* Protocol.swift in Sources */,
			);
			runOnlyForDeploymentPostprocessing = 0;
		};
		181E7676236B1C9400E0373B /* Sources */ = {
			isa = PBXSourcesBuildPhase;
			buildActionMask = 2147483647;
			files = (
				181E767F236B1C9400E0373B /* C0773774_MidTerm_MAD3115F2019Tests.swift in Sources */,
			);
			runOnlyForDeploymentPostprocessing = 0;
		};
		181E7681236B1C9400E0373B /* Sources */ = {
			isa = PBXSourcesBuildPhase;
			buildActionMask = 2147483647;
			files = (
				181E768A236B1C9400E0373B /* C0773774_MidTerm_MAD3115F2019UITests.swift in Sources */,
			);
			runOnlyForDeploymentPostprocessing = 0;
		};
/* End PBXSourcesBuildPhase section */

/* Begin PBXTargetDependency section */
		181E767C236B1C9400E0373B /* PBXTargetDependency */ = {
			isa = PBXTargetDependency;
			target = 181E7660236B1C8F00E0373B /* C0773774_MidTerm_MAD3115F2019 */;
			targetProxy = 181E767B236B1C9400E0373B /* PBXContainerItemProxy */;
		};
		181E7687236B1C9400E0373B /* PBXTargetDependency */ = {
			isa = PBXTargetDependency;
			target = 181E7660236B1C8F00E0373B /* C0773774_MidTerm_MAD3115F2019 */;
			targetProxy = 181E7686236B1C9400E0373B /* PBXContainerItemProxy */;
		};
/* End PBXTargetDependency section */

/* Begin PBXVariantGroup section */
		181E766A236B1C8F00E0373B /* Welcome.storyboard */ = {
			isa = PBXVariantGroup;
			children = (
				181E766B236B1C8F00E0373B /* Base */,
			);
			name = Welcome.storyboard;
			sourceTree = "<group>";
		};
		181E7672236B1C9400E0373B /* LaunchScreen.storyboard */ = {
			isa = PBXVariantGroup;
			children = (
				181E7673236B1C9400E0373B /* Base */,
			);
			name = LaunchScreen.storyboard;
			sourceTree = "<group>";
		};
/* End PBXVariantGroup section */

/* Begin XCBuildConfiguration section */
		181E768C236B1C9400E0373B /* Debug */ = {
			isa = XCBuildConfiguration;
			buildSettings = {
				ALWAYS_SEARCH_USER_PATHS = NO;
				CLANG_ANALYZER_NONNULL = YES;
				CLANG_ANALYZER_NUMBER_OBJECT_CONVERSION = YES_AGGRESSIVE;
				CLANG_CXX_LANGUAGE_STANDARD = "gnu++14";
				CLANG_CXX_LIBRARY = "libc++";
				CLANG_ENABLE_MODULES = YES;
				CLANG_ENABLE_OBJC_ARC = YES;
				CLANG_ENABLE_OBJC_WEAK = YES;
				CLANG_WARN_BLOCK_CAPTURE_AUTORELEASING = YES;
				CLANG_WARN_BOOL_CONVERSION = YES;
				CLANG_WARN_COMMA = YES;
				CLANG_WARN_CONSTANT_CONVERSION = YES;
				CLANG_WARN_DEPRECATED_OBJC_IMPLEMENTATIONS = YES;
				CLANG_WARN_DIRECT_OBJC_ISA_USAGE = YES_ERROR;
				CLANG_WARN_DOCUMENTATION_COMMENTS = YES;
				CLANG_WARN_EMPTY_BODY = YES;
				CLANG_WARN_ENUM_CONVERSION = YES;
				CLANG_WARN_INFINITE_RECURSION = YES;
				CLANG_WARN_INT_CONVERSION = YES;
				CLANG_WARN_NON_LITERAL_NULL_CONVERSION = YES;
				CLANG_WARN_OBJC_IMPLICIT_RETAIN_SELF = YES;
				CLANG_WARN_OBJC_LITERAL_CONVERSION = YES;
				CLANG_WARN_OBJC_ROOT_CLASS = YES_ERROR;
				CLANG_WARN_RANGE_LOOP_ANALYSIS = YES;
				CLANG_WARN_STRICT_PROTOTYPES = YES;
				CLANG_WARN_SUSPICIOUS_MOVE = YES;
				CLANG_WARN_UNGUARDED_AVAILABILITY = YES_AGGRESSIVE;
				CLANG_WARN_UNREACHABLE_CODE = YES;
				CLANG_WARN__DUPLICATE_METHOD_MATCH = YES;
				COPY_PHASE_STRIP = NO;
				DEBUG_INFORMATION_FORMAT = dwarf;
				ENABLE_STRICT_OBJC_MSGSEND = YES;
				ENABLE_TESTABILITY = YES;
				GCC_C_LANGUAGE_STANDARD = gnu11;
				GCC_DYNAMIC_NO_PIC = NO;
				GCC_NO_COMMON_BLOCKS = YES;
				GCC_OPTIMIZATION_LEVEL = 0;
				GCC_PREPROCESSOR_DEFINITIONS = (
					"DEBUG=1",
					"$(inherited)",
				);
				GCC_WARN_64_TO_32_BIT_CONVERSION = YES;
				GCC_WARN_ABOUT_RETURN_TYPE = YES_ERROR;
				GCC_WARN_UNDECLARED_SELECTOR = YES;
				GCC_WARN_UNINITIALIZED_AUTOS = YES_AGGRESSIVE;
				GCC_WARN_UNUSED_FUNCTION = YES;
				GCC_WARN_UNUSED_VARIABLE = YES;
				IPHONEOS_DEPLOYMENT_TARGET = 13.1;
				MTL_ENABLE_DEBUG_INFO = INCLUDE_SOURCE;
				MTL_FAST_MATH = YES;
				ONLY_ACTIVE_ARCH = YES;
				SDKROOT = iphoneos;
				SWIFT_ACTIVE_COMPILATION_CONDITIONS = DEBUG;
				SWIFT_OPTIMIZATION_LEVEL = "-Onone";
			};
			name = Debug;
		};
		181E768D236B1C9400E0373B /* Release */ = {
			isa = XCBuildConfiguration;
			buildSettings = {
				ALWAYS_SEARCH_USER_PATHS = NO;
				CLANG_ANALYZER_NONNULL = YES;
				CLANG_ANALYZER_NUMBER_OBJECT_CONVERSION = YES_AGGRESSIVE;
				CLANG_CXX_LANGUAGE_STANDARD = "gnu++14";
				CLANG_CXX_LIBRARY = "libc++";
				CLANG_ENABLE_MODULES = YES;
				CLANG_ENABLE_OBJC_ARC = YES;
				CLANG_ENABLE_OBJC_WEAK = YES;
				CLANG_WARN_BLOCK_CAPTURE_AUTORELEASING = YES;
				CLANG_WARN_BOOL_CONVERSION = YES;
				CLANG_WARN_COMMA = YES;
				CLANG_WARN_CONSTANT_CONVERSION = YES;
				CLANG_WARN_DEPRECATED_OBJC_IMPLEMENTATIONS = YES;
				CLANG_WARN_DIRECT_OBJC_ISA_USAGE = YES_ERROR;
				CLANG_WARN_DOCUMENTATION_COMMENTS = YES;
				CLANG_WARN_EMPTY_BODY = YES;
				CLANG_WARN_ENUM_CONVERSION = YES;
				CLANG_WARN_INFINITE_RECURSION = YES;
				CLANG_WARN_INT_CONVERSION = YES;
				CLANG_WARN_NON_LITERAL_NULL_CONVERSION = YES;
				CLANG_WARN_OBJC_IMPLICIT_RETAIN_SELF = YES;
				CLANG_WARN_OBJC_LITERAL_CONVERSION = YES;
				CLANG_WARN_OBJC_ROOT_CLASS = YES_ERROR;
				CLANG_WARN_RANGE_LOOP_ANALYSIS = YES;
				CLANG_WARN_STRICT_PROTOTYPES = YES;
				CLANG_WARN_SUSPICIOUS_MOVE = YES;
				CLANG_WARN_UNGUARDED_AVAILABILITY = YES_AGGRESSIVE;
				CLANG_WARN_UNREACHABLE_CODE = YES;
				CLANG_WARN__DUPLICATE_METHOD_MATCH = YES;
				COPY_PHASE_STRIP = NO;
				DEBUG_INFORMATION_FORMAT = "dwarf-with-dsym";
				ENABLE_NS_ASSERTIONS = NO;
				ENABLE_STRICT_OBJC_MSGSEND = YES;
				GCC_C_LANGUAGE_STANDARD = gnu11;
				GCC_NO_COMMON_BLOCKS = YES;
				GCC_WARN_64_TO_32_BIT_CONVERSION = YES;
				GCC_WARN_ABOUT_RETURN_TYPE = YES_ERROR;
				GCC_WARN_UNDECLARED_SELECTOR = YES;
				GCC_WARN_UNINITIALIZED_AUTOS = YES_AGGRESSIVE;
				GCC_WARN_UNUSED_FUNCTION = YES;
				GCC_WARN_UNUSED_VARIABLE = YES;
				IPHONEOS_DEPLOYMENT_TARGET = 13.1;
				MTL_ENABLE_DEBUG_INFO = NO;
				MTL_FAST_MATH = YES;
				SDKROOT = iphoneos;
				SWIFT_COMPILATION_MODE = wholemodule;
				SWIFT_OPTIMIZATION_LEVEL = "-O";
				VALIDATE_PRODUCT = YES;
			};
			name = Release;
		};
		181E768F236B1C9400E0373B /* Debug */ = {
			isa = XCBuildConfiguration;
			baseConfigurationReference = 114D9E4B1A8657B30E30BF14 /* Pods-C0773774_MidTerm_MAD3115F2019.debug.xcconfig */;
			buildSettings = {
				ASSETCATALOG_COMPILER_APPICON_NAME = AppIcon;
				CODE_SIGN_STYLE = Automatic;
				DEVELOPMENT_TEAM = ZZGNKKHCD7;
				INFOPLIST_FILE = /Users/apple/Documents/iOSLambtonDoc/C0773774_MidTerm_MAD3115F2019/C0773774_MidTerm_MAD3115F2019/Other/Info.plist;
				IPHONEOS_DEPLOYMENT_TARGET = 11.0;
				LD_RUNPATH_SEARCH_PATHS = (
					"$(inherited)",
					"@executable_path/Frameworks",
				);
				PRODUCT_BUNDLE_IDENTIFIER = "com.immenent.C0773774-MidTerm-MAD3115F2019";
				PRODUCT_NAME = "$(TARGET_NAME)";
				SWIFT_VERSION = 5.0;
				TARGETED_DEVICE_FAMILY = 1;
			};
			name = Debug;
		};
		181E7690236B1C9400E0373B /* Release */ = {
			isa = XCBuildConfiguration;
			baseConfigurationReference = 70EB9BF712459853920E4318 /* Pods-C0773774_MidTerm_MAD3115F2019.release.xcconfig */;
			buildSettings = {
				ASSETCATALOG_COMPILER_APPICON_NAME = AppIcon;
				CODE_SIGN_STYLE = Automatic;
				DEVELOPMENT_TEAM = ZZGNKKHCD7;
				INFOPLIST_FILE = /Users/apple/Documents/iOSLambtonDoc/C0773774_MidTerm_MAD3115F2019/C0773774_MidTerm_MAD3115F2019/Other/Info.plist;
				IPHONEOS_DEPLOYMENT_TARGET = 11.0;
				LD_RUNPATH_SEARCH_PATHS = (
					"$(inherited)",
					"@executable_path/Frameworks",
				);
				PRODUCT_BUNDLE_IDENTIFIER = "com.immenent.C0773774-MidTerm-MAD3115F2019";
				PRODUCT_NAME = "$(TARGET_NAME)";
				SWIFT_VERSION = 5.0;
				TARGETED_DEVICE_FAMILY = 1;
			};
			name = Release;
		};
		181E7692236B1C9400E0373B /* Debug */ = {
			isa = XCBuildConfiguration;
			baseConfigurationReference = 4E3B377BDD417DE31FA3698C /* Pods-C0773774_MidTerm_MAD3115F2019Tests.debug.xcconfig */;
			buildSettings = {
				ALWAYS_EMBED_SWIFT_STANDARD_LIBRARIES = YES;
				BUNDLE_LOADER = "$(TEST_HOST)";
				CODE_SIGN_STYLE = Automatic;
				DEVELOPMENT_TEAM = ZZGNKKHCD7;
				INFOPLIST_FILE = C0773774_MidTerm_MAD3115F2019Tests/Info.plist;
				IPHONEOS_DEPLOYMENT_TARGET = 13.1;
				LD_RUNPATH_SEARCH_PATHS = (
					"$(inherited)",
					"@executable_path/Frameworks",
					"@loader_path/Frameworks",
				);
				PRODUCT_BUNDLE_IDENTIFIER = "com.immenent.C0773774-MidTerm-MAD3115F2019Tests";
				PRODUCT_NAME = "$(TARGET_NAME)";
				SWIFT_VERSION = 5.0;
				TARGETED_DEVICE_FAMILY = "1,2";
				TEST_HOST = "$(BUILT_PRODUCTS_DIR)/C0773774_MidTerm_MAD3115F2019.app/C0773774_MidTerm_MAD3115F2019";
			};
			name = Debug;
		};
		181E7693236B1C9400E0373B /* Release */ = {
			isa = XCBuildConfiguration;
			baseConfigurationReference = 3A0C532BECE99D3B68DED1C0 /* Pods-C0773774_MidTerm_MAD3115F2019Tests.release.xcconfig */;
			buildSettings = {
				ALWAYS_EMBED_SWIFT_STANDARD_LIBRARIES = YES;
				BUNDLE_LOADER = "$(TEST_HOST)";
				CODE_SIGN_STYLE = Automatic;
				DEVELOPMENT_TEAM = ZZGNKKHCD7;
				INFOPLIST_FILE = C0773774_MidTerm_MAD3115F2019Tests/Info.plist;
				IPHONEOS_DEPLOYMENT_TARGET = 13.1;
				LD_RUNPATH_SEARCH_PATHS = (
					"$(inherited)",
					"@executable_path/Frameworks",
					"@loader_path/Frameworks",
				);
				PRODUCT_BUNDLE_IDENTIFIER = "com.immenent.C0773774-MidTerm-MAD3115F2019Tests";
				PRODUCT_NAME = "$(TARGET_NAME)";
				SWIFT_VERSION = 5.0;
				TARGETED_DEVICE_FAMILY = "1,2";
				TEST_HOST = "$(BUILT_PRODUCTS_DIR)/C0773774_MidTerm_MAD3115F2019.app/C0773774_MidTerm_MAD3115F2019";
			};
			name = Release;
		};
		181E7695236B1C9400E0373B /* Debug */ = {
			isa = XCBuildConfiguration;
			baseConfigurationReference = F8EF97E54B94158E3BAF2C42 /* Pods-C0773774_MidTerm_MAD3115F2019-C0773774_MidTerm_MAD3115F2019UITests.debug.xcconfig */;
			buildSettings = {
				ALWAYS_EMBED_SWIFT_STANDARD_LIBRARIES = YES;
				CODE_SIGN_STYLE = Automatic;
				DEVELOPMENT_TEAM = ZZGNKKHCD7;
				INFOPLIST_FILE = C0773774_MidTerm_MAD3115F2019UITests/Info.plist;
				LD_RUNPATH_SEARCH_PATHS = (
					"$(inherited)",
					"@executable_path/Frameworks",
					"@loader_path/Frameworks",
				);
				PRODUCT_BUNDLE_IDENTIFIER = "com.immenent.C0773774-MidTerm-MAD3115F2019UITests";
				PRODUCT_NAME = "$(TARGET_NAME)";
				SWIFT_VERSION = 5.0;
				TARGETED_DEVICE_FAMILY = "1,2";
				TEST_TARGET_NAME = C0773774_MidTerm_MAD3115F2019;
			};
			name = Debug;
		};
		181E7696236B1C9400E0373B /* Release */ = {
			isa = XCBuildConfiguration;
			baseConfigurationReference = A5DB295399BECBFB9301FDD8 /* Pods-C0773774_MidTerm_MAD3115F2019-C0773774_MidTerm_MAD3115F2019UITests.release.xcconfig */;
			buildSettings = {
				ALWAYS_EMBED_SWIFT_STANDARD_LIBRARIES = YES;
				CODE_SIGN_STYLE = Automatic;
				DEVELOPMENT_TEAM = ZZGNKKHCD7;
				INFOPLIST_FILE = C0773774_MidTerm_MAD3115F2019UITests/Info.plist;
				LD_RUNPATH_SEARCH_PATHS = (
					"$(inherited)",
					"@executable_path/Frameworks",
					"@loader_path/Frameworks",
				);
				PRODUCT_BUNDLE_IDENTIFIER = "com.immenent.C0773774-MidTerm-MAD3115F2019UITests";
				PRODUCT_NAME = "$(TARGET_NAME)";
				SWIFT_VERSION = 5.0;
				TARGETED_DEVICE_FAMILY = "1,2";
				TEST_TARGET_NAME = C0773774_MidTerm_MAD3115F2019;
			};
			name = Release;
		};
/* End XCBuildConfiguration section */

/* Begin XCConfigurationList section */
		181E765C236B1C8F00E0373B /* Build configuration list for PBXProject "C0773774_MidTerm_MAD3115F2019" */ = {
			isa = XCConfigurationList;
			buildConfigurations = (
				181E768C236B1C9400E0373B /* Debug */,
				181E768D236B1C9400E0373B /* Release */,
			);
			defaultConfigurationIsVisible = 0;
			defaultConfigurationName = Release;
		};
		181E768E236B1C9400E0373B /* Build configuration list for PBXNativeTarget "C0773774_MidTerm_MAD3115F2019" */ = {
			isa = XCConfigurationList;
			buildConfigurations = (
				181E768F236B1C9400E0373B /* Debug */,
				181E7690236B1C9400E0373B /* Release */,
			);
			defaultConfigurationIsVisible = 0;
			defaultConfigurationName = Release;
		};
		181E7691236B1C9400E0373B /* Build configuration list for PBXNativeTarget "C0773774_MidTerm_MAD3115F2019Tests" */ = {
			isa = XCConfigurationList;
			buildConfigurations = (
				181E7692236B1C9400E0373B /* Debug */,
				181E7693236B1C9400E0373B /* Release */,
			);
			defaultConfigurationIsVisible = 0;
			defaultConfigurationName = Release;
		};
		181E7694236B1C9400E0373B /* Build configuration list for PBXNativeTarget "C0773774_MidTerm_MAD3115F2019UITests" */ = {
			isa = XCConfigurationList;
			buildConfigurations = (
				181E7695236B1C9400E0373B /* Debug */,
				181E7696236B1C9400E0373B /* Release */,
			);
			defaultConfigurationIsVisible = 0;
			defaultConfigurationName = Release;
		};
/* End XCConfigurationList section */

/* Begin XCVersionGroup section */
		181E766D236B1C8F00E0373B /* C0773774_MidTerm_MAD3115F2019.xcdatamodeld */ = {
			isa = XCVersionGroup;
			children = (
				181E766E236B1C8F00E0373B /* C0773774_MidTerm_MAD3115F2019.xcdatamodel */,
			);
			currentVersion = 181E766E236B1C8F00E0373B /* C0773774_MidTerm_MAD3115F2019.xcdatamodel */;
			path = C0773774_MidTerm_MAD3115F2019.xcdatamodeld;
			sourceTree = "<group>";
			versionGroupType = wrapper.xcdatamodel;
		};
/* End XCVersionGroup section */
	};
	rootObject = 181E7659236B1C8F00E0373B /* Project object */;
}
